{
  "name": "KalimbaILs",
  "version": "0.1.0",
  "lockfileVersion": 1,
  "requires": true,
  "dependencies": {
    "react-time": {
      "version": "4.3.0",
      "resolved": "https://registry.npmjs.org/react-time/-/react-time-4.3.0.tgz",
      "integrity": "sha1-s3UHuLUnjwOo5/K/5wkRgkqJkd0="
    }
  }
}
